
Microsoft Visual Studio Solution File, Format Version 12.00
# Visual Studio 2015
Project("{FAE04EC0-301F-11D3-BF4B-00C04F79EFBC}") = "Museum.CSharp.Plugins", "Museum.CSharp.Plugins.csproj", "{BB56362B-B592-DEAE-6B53-0C3063119315}"
EndProject
Project("{FAE04EC0-301F-11D3-BF4B-00C04F79EFBC}") = "Museum.CSharp", "Museum.CSharp.csproj", "{98C46805-0D65-77D4-AAE1-F63FF0224A39}"
EndProject
Project("{FAE04EC0-301F-11D3-BF4B-00C04F79EFBC}") = "Museum.CSharp.Editor", "Museum.CSharp.Editor.csproj", "{AC34FC6F-5440-3EE1-59BB-304F7D97D3DD}"
EndProject
Global
	GlobalSection(SolutionConfigurationPlatforms) = preSolution
		Debug|Any CPU = Debug|Any CPU
		Release|Any CPU = Release|Any CPU
	EndGlobalSection
	GlobalSection(ProjectConfigurationPlatforms) = postSolution
		{BB56362B-B592-DEAE-6B53-0C3063119315}.Debug|Any CPU.ActiveCfg = Debug|Any CPU
		{BB56362B-B592-DEAE-6B53-0C3063119315}.Debug|Any CPU.Build.0 = Debug|Any CPU
		{BB56362B-B592-DEAE-6B53-0C3063119315}.Release|Any CPU.ActiveCfg = Release|Any CPU
		{BB56362B-B592-DEAE-6B53-0C3063119315}.Release|Any CPU.Build.0 = Release|Any CPU
		{98C46805-0D65-77D4-AAE1-F63FF0224A39}.Debug|Any CPU.ActiveCfg = Debug|Any CPU
		{98C46805-0D65-77D4-AAE1-F63FF0224A39}.Debug|Any CPU.Build.0 = Debug|Any CPU
		{98C46805-0D65-77D4-AAE1-F63FF0224A39}.Release|Any CPU.ActiveCfg = Release|Any CPU
		{98C46805-0D65-77D4-AAE1-F63FF0224A39}.Release|Any CPU.Build.0 = Release|Any CPU
		{AC34FC6F-5440-3EE1-59BB-304F7D97D3DD}.Debug|Any CPU.ActiveCfg = Debug|Any CPU
		{AC34FC6F-5440-3EE1-59BB-304F7D97D3DD}.Debug|Any CPU.Build.0 = Debug|Any CPU
		{AC34FC6F-5440-3EE1-59BB-304F7D97D3DD}.Release|Any CPU.ActiveCfg = Release|Any CPU
		{AC34FC6F-5440-3EE1-59BB-304F7D97D3DD}.Release|Any CPU.Build.0 = Release|Any CPU
	EndGlobalSection
	GlobalSection(SolutionProperties) = preSolution
		HideSolutionNode = FALSE
	EndGlobalSection
EndGlobal
